// !$*UTF8*$!
{
	archiveVersion = 1;
	classes = {
	};
	objectVersion = 46;
	objects = {

/* Begin PBXBuildFile section */
		AE20B33D1E4A37CB00DF1080 /* LandingService.swift in Sources */ = {isa = PBXBuildFile; fileRef = AE20B33C1E4A37CB00DF1080 /* LandingService.swift */; };
		AE20B33F1E4A39EA00DF1080 /* Photo.swift in Sources */ = {isa = PBXBuildFile; fileRef = AE20B33E1E4A39EA00DF1080 /* Photo.swift */; };
		AE28FD581E3632480066E004 /* RestraCollectionViewCell.swift in Sources */ = {isa = PBXBuildFile; fileRef = AE28FD571E3632480066E004 /* RestraCollectionViewCell.swift */; };
		AE48779F1E366DAF002E0447 /* WallFeedCell.swift in Sources */ = {isa = PBXBuildFile; fileRef = AE48779E1E366DAF002E0447 /* WallFeedCell.swift */; };
		AE76E0421E4CD6310067F6A4 /* feedPost.json in Resources */ = {isa = PBXBuildFile; fileRef = AE76E0411E4CD6310067F6A4 /* feedPost.json */; };
		AE8C0D691E521C3E00924207 /* Post.swift in Sources */ = {isa = PBXBuildFile; fileRef = AE8C0D681E521C3E00924207 /* Post.swift */; };
		AE8C0D6C1E5225EB00924207 /* post_placeholder.png in Resources */ = {isa = PBXBuildFile; fileRef = AE8C0D6A1E5225EB00924207 /* post_placeholder.png */; };
		AE8C0D6D1E5225EB00924207 /* user_placeholder.png in Resources */ = {isa = PBXBuildFile; fileRef = AE8C0D6B1E5225EB00924207 /* user_placeholder.png */; };
		AE934F3C1E54B9DB00639B43 /* slide.png in Resources */ = {isa = PBXBuildFile; fileRef = AE934F3A1E54B9DB00639B43 /* slide.png */; };
		AE934F3D1E54B9DB00639B43 /* slide@2x.png in Resources */ = {isa = PBXBuildFile; fileRef = AE934F3B1E54B9DB00639B43 /* slide@2x.png */; };
		AE934F481E54C4BF00639B43 /* search@2x.png in Resources */ = {isa = PBXBuildFile; fileRef = AE934F461E54C4BF00639B43 /* search@2x.png */; };
		AE934F491E54C4BF00639B43 /* search.png in Resources */ = {isa = PBXBuildFile; fileRef = AE934F471E54C4BF00639B43 /* search.png */; };
		AEA6C9881E53686D00CB6A27 /* location.png in Resources */ = {isa = PBXBuildFile; fileRef = AEA6C9851E53686D00CB6A27 /* location.png */; };
		AEA6C9891E53686D00CB6A27 /* location@2x.png in Resources */ = {isa = PBXBuildFile; fileRef = AEA6C9861E53686D00CB6A27 /* location@2x.png */; };
		AEA6C98A1E53686D00CB6A27 /* location@3x.png in Resources */ = {isa = PBXBuildFile; fileRef = AEA6C9871E53686D00CB6A27 /* location@3x.png */; };
		AED24F2D1E2FC18500431DA7 /* AppDelegate.swift in Sources */ = {isa = PBXBuildFile; fileRef = AED24F2C1E2FC18500431DA7 /* AppDelegate.swift */; };
		AED24F321E2FC18500431DA7 /* Main.storyboard in Resources */ = {isa = PBXBuildFile; fileRef = AED24F301E2FC18500431DA7 /* Main.storyboard */; };
		AED24F341E2FC18500431DA7 /* Assets.xcassets in Resources */ = {isa = PBXBuildFile; fileRef = AED24F331E2FC18500431DA7 /* Assets.xcassets */; };
		AED24F371E2FC18500431DA7 /* LaunchScreen.storyboard in Resources */ = {isa = PBXBuildFile; fileRef = AED24F351E2FC18500431DA7 /* LaunchScreen.storyboard */; };
		AED24F471E2FC22300431DA7 /* Utils.swift in Sources */ = {isa = PBXBuildFile; fileRef = AED24F461E2FC22300431DA7 /* Utils.swift */; };
		AED24F491E2FC24C00431DA7 /* NetworkLayer.swift in Sources */ = {isa = PBXBuildFile; fileRef = AED24F481E2FC24C00431DA7 /* NetworkLayer.swift */; };
		AED24F4B1E2FC25D00431DA7 /* Constant.swift in Sources */ = {isa = PBXBuildFile; fileRef = AED24F4A1E2FC25D00431DA7 /* Constant.swift */; };
		AED24F4D1E2FC28B00431DA7 /* LoginViewContr.swift in Sources */ = {isa = PBXBuildFile; fileRef = AED24F4C1E2FC28B00431DA7 /* LoginViewContr.swift */; };
		AED24F4F1E2FC2B200431DA7 /* LandingScreenVwContr.swift in Sources */ = {isa = PBXBuildFile; fileRef = AED24F4E1E2FC2B200431DA7 /* LandingScreenVwContr.swift */; };
		AED24F521E2FCE0800431DA7 /* NetworkConfig.swift in Sources */ = {isa = PBXBuildFile; fileRef = AED24F511E2FCE0800431DA7 /* NetworkConfig.swift */; };
		AED24F561E2FD12A00431DA7 /* Validation.swift in Sources */ = {isa = PBXBuildFile; fileRef = AED24F551E2FD12A00431DA7 /* Validation.swift */; };
		AEF1C3431E5751A100D327CC /* app_logo.png in Resources */ = {isa = PBXBuildFile; fileRef = AEF1C3421E5751A100D327CC /* app_logo.png */; };
		AEF1C3451E57556900D327CC /* friends.jpg in Resources */ = {isa = PBXBuildFile; fileRef = AEF1C3441E57556900D327CC /* friends.jpg */; };
		AEF1C3501E57611300D327CC /* gplus.png in Resources */ = {isa = PBXBuildFile; fileRef = AEF1C34E1E57611300D327CC /* gplus.png */; };
		AEF1C3511E57611300D327CC /* fb_logo.png in Resources */ = {isa = PBXBuildFile; fileRef = AEF1C34F1E57611300D327CC /* fb_logo.png */; };
		AEF1C3531E57699000D327CC /* bg.png in Resources */ = {isa = PBXBuildFile; fileRef = AEF1C3521E57699000D327CC /* bg.png */; };
		AEF1C36A1E57723A00D327CC /* tb_loc@2x.png in Resources */ = {isa = PBXBuildFile; fileRef = AEF1C3681E57723A00D327CC /* tb_loc@2x.png */; };
		AEF1C36B1E57723A00D327CC /* tb_loc.png in Resources */ = {isa = PBXBuildFile; fileRef = AEF1C3691E57723A00D327CC /* tb_loc.png */; };
		AEF1C36E1E57731100D327CC /* tb_chat@2x.png in Resources */ = {isa = PBXBuildFile; fileRef = AEF1C36C1E57731100D327CC /* tb_chat@2x.png */; };
		AEF1C36F1E57731100D327CC /* tb_chat.png in Resources */ = {isa = PBXBuildFile; fileRef = AEF1C36D1E57731100D327CC /* tb_chat.png */; };
		AEF1C3721E5773A200D327CC /* tb_chat1.png in Resources */ = {isa = PBXBuildFile; fileRef = AEF1C3701E5773A200D327CC /* tb_chat1.png */; };
		AEF1C3731E5773A200D327CC /* tb_chat1@2x.png in Resources */ = {isa = PBXBuildFile; fileRef = AEF1C3711E5773A200D327CC /* tb_chat1@2x.png */; };
		AEF1C3771E57754A00D327CC /* top_chartoon.jpg in Resources */ = {isa = PBXBuildFile; fileRef = AEF1C3761E57754A00D327CC /* top_chartoon.jpg */; };
		C0599525E17C28A298D56980 /* Pods_HotApp.framework in Frameworks */ = {isa = PBXBuildFile; fileRef = 8DA3783AE970D563FB4DE32D /* Pods_HotApp.framework */; };
/* End PBXBuildFile section */

/* Begin PBXFileReference section */
		0B43BB4D851533E0F4B94B39 /* Pods-HotApp.debug.xcconfig */ = {isa = PBXFileReference; includeInIndex = 1; lastKnownFileType = text.xcconfig; name = "Pods-HotApp.debug.xcconfig"; path = "Pods/Target Support Files/Pods-HotApp/Pods-HotApp.debug.xcconfig"; sourceTree = "<group>"; };
		8DA3783AE970D563FB4DE32D /* Pods_HotApp.framework */ = {isa = PBXFileReference; explicitFileType = wrapper.framework; includeInIndex = 0; path = Pods_HotApp.framework; sourceTree = BUILT_PRODUCTS_DIR; };
		A315D7050E2E7491045A1C96 /* Pods-HotApp.release.xcconfig */ = {isa = PBXFileReference; includeInIndex = 1; lastKnownFileType = text.xcconfig; name = "Pods-HotApp.release.xcconfig"; path = "Pods/Target Support Files/Pods-HotApp/Pods-HotApp.release.xcconfig"; sourceTree = "<group>"; };
		AE20B33C1E4A37CB00DF1080 /* LandingService.swift */ = {isa = PBXFileReference; fileEncoding = 4; lastKnownFileType = sourcecode.swift; path = LandingService.swift; sourceTree = "<group>"; };
		AE20B33E1E4A39EA00DF1080 /* Photo.swift */ = {isa = PBXFileReference; fileEncoding = 4; lastKnownFileType = sourcecode.swift; path = Photo.swift; sourceTree = "<group>"; };
		AE28FD571E3632480066E004 /* RestraCollectionViewCell.swift */ = {isa = PBXFileReference; fileEncoding = 4; lastKnownFileType = sourcecode.swift; path = RestraCollectionViewCell.swift; sourceTree = "<group>"; };
		AE48779E1E366DAF002E0447 /* WallFeedCell.swift */ = {isa = PBXFileReference; fileEncoding = 4; lastKnownFileType = sourcecode.swift; path = WallFeedCell.swift; sourceTree = "<group>"; };
		AE76E0411E4CD6310067F6A4 /* feedPost.json */ = {isa = PBXFileReference; fileEncoding = 4; lastKnownFileType = text.json; path = feedPost.json; sourceTree = "<group>"; };
		AE8C0D681E521C3E00924207 /* Post.swift */ = {isa = PBXFileReference; fileEncoding = 4; lastKnownFileType = sourcecode.swift; path = Post.swift; sourceTree = "<group>"; };
		AE8C0D6A1E5225EB00924207 /* post_placeholder.png */ = {isa = PBXFileReference; lastKnownFileType = image.png; path = post_placeholder.png; sourceTree = "<group>"; };
		AE8C0D6B1E5225EB00924207 /* user_placeholder.png */ = {isa = PBXFileReference; lastKnownFileType = image.png; path = user_placeholder.png; sourceTree = "<group>"; };
		AE934F3A1E54B9DB00639B43 /* slide.png */ = {isa = PBXFileReference; lastKnownFileType = image.png; path = slide.png; sourceTree = "<group>"; };
		AE934F3B1E54B9DB00639B43 /* slide@2x.png */ = {isa = PBXFileReference; lastKnownFileType = image.png; path = "slide@2x.png"; sourceTree = "<group>"; };
		AE934F461E54C4BF00639B43 /* search@2x.png */ = {isa = PBXFileReference; lastKnownFileType = image.png; path = "search@2x.png"; sourceTree = "<group>"; };
		AE934F471E54C4BF00639B43 /* search.png */ = {isa = PBXFileReference; lastKnownFileType = image.png; path = search.png; sourceTree = "<group>"; };
		AEA6C9851E53686D00CB6A27 /* location.png */ = {isa = PBXFileReference; lastKnownFileType = image.png; path = location.png; sourceTree = "<group>"; };
		AEA6C9861E53686D00CB6A27 /* location@2x.png */ = {isa = PBXFileReference; lastKnownFileType = image.png; path = "location@2x.png"; sourceTree = "<group>"; };
		AEA6C9871E53686D00CB6A27 /* location@3x.png */ = {isa = PBXFileReference; lastKnownFileType = image.png; path = "location@3x.png"; sourceTree = "<group>"; };
		AEBDDBAC1E3138EC0034E53D /* fr */ = {isa = PBXFileReference; lastKnownFileType = text.plist.strings; name = fr; path = fr.lproj/Main.strings; sourceTree = "<group>"; };
		AEBDDBAD1E3138EC0034E53D /* fr */ = {isa = PBXFileReference; lastKnownFileType = text.plist.strings; name = fr; path = fr.lproj/LaunchScreen.strings; sourceTree = "<group>"; };
		AED24F291E2FC18500431DA7 /* HotApp.app */ = {isa = PBXFileReference; explicitFileType = wrapper.application; includeInIndex = 0; path = HotApp.app; sourceTree = BUILT_PRODUCTS_DIR; };
		AED24F2C1E2FC18500431DA7 /* AppDelegate.swift */ = {isa = PBXFileReference; lastKnownFileType = sourcecode.swift; path = AppDelegate.swift; sourceTree = "<group>"; };
		AED24F311E2FC18500431DA7 /* Base */ = {isa = PBXFileReference; lastKnownFileType = file.storyboard; name = Base; path = Base.lproj/Main.storyboard; sourceTree = "<group>"; };
		AED24F331E2FC18500431DA7 /* Assets.xcassets */ = {isa = PBXFileReference; lastKnownFileType = folder.assetcatalog; path = Assets.xcassets; sourceTree = "<group>"; };
		AED24F361E2FC18500431DA7 /* Base */ = {isa = PBXFileReference; lastKnownFileType = file.storyboard; name = Base; path = Base.lproj/LaunchScreen.storyboard; sourceTree = "<group>"; };
		AED24F381E2FC18500431DA7 /* Info.plist */ = {isa = PBXFileReference; lastKnownFileType = text.plist.xml; path = Info.plist; sourceTree = "<group>"; };
		AED24F461E2FC22300431DA7 /* Utils.swift */ = {isa = PBXFileReference; fileEncoding = 4; lastKnownFileType = sourcecode.swift; path = Utils.swift; sourceTree = "<group>"; };
		AED24F481E2FC24C00431DA7 /* NetworkLayer.swift */ = {isa = PBXFileReference; fileEncoding = 4; lastKnownFileType = sourcecode.swift; path = NetworkLayer.swift; sourceTree = "<group>"; };
		AED24F4A1E2FC25D00431DA7 /* Constant.swift */ = {isa = PBXFileReference; fileEncoding = 4; lastKnownFileType = sourcecode.swift; path = Constant.swift; sourceTree = "<group>"; };
		AED24F4C1E2FC28B00431DA7 /* LoginViewContr.swift */ = {isa = PBXFileReference; fileEncoding = 4; lastKnownFileType = sourcecode.swift; path = LoginViewContr.swift; sourceTree = "<group>"; };
		AED24F4E1E2FC2B200431DA7 /* LandingScreenVwContr.swift */ = {isa = PBXFileReference; fileEncoding = 4; lastKnownFileType = sourcecode.swift; path = LandingScreenVwContr.swift; sourceTree = "<group>"; };
		AED24F511E2FCE0800431DA7 /* NetworkConfig.swift */ = {isa = PBXFileReference; fileEncoding = 4; lastKnownFileType = sourcecode.swift; path = NetworkConfig.swift; sourceTree = "<group>"; };
		AED24F551E2FD12A00431DA7 /* Validation.swift */ = {isa = PBXFileReference; fileEncoding = 4; lastKnownFileType = sourcecode.swift; path = Validation.swift; sourceTree = "<group>"; };
		AEF1C3421E5751A100D327CC /* app_logo.png */ = {isa = PBXFileReference; lastKnownFileType = image.png; path = app_logo.png; sourceTree = "<group>"; };
		AEF1C3441E57556900D327CC /* friends.jpg */ = {isa = PBXFileReference; lastKnownFileType = image.jpeg; path = friends.jpg; sourceTree = "<group>"; };
		AEF1C34E1E57611300D327CC /* gplus.png */ = {isa = PBXFileReference; lastKnownFileType = image.png; path = gplus.png; sourceTree = "<group>"; };
		AEF1C34F1E57611300D327CC /* fb_logo.png */ = {isa = PBXFileReference; lastKnownFileType = image.png; path = fb_logo.png; sourceTree = "<group>"; };
		AEF1C3521E57699000D327CC /* bg.png */ = {isa = PBXFileReference; lastKnownFileType = image.png; path = bg.png; sourceTree = "<group>"; };
		AEF1C3681E57723A00D327CC /* tb_loc@2x.png */ = {isa = PBXFileReference; lastKnownFileType = image.png; path = "tb_loc@2x.png"; sourceTree = "<group>"; };
		AEF1C3691E57723A00D327CC /* tb_loc.png */ = {isa = PBXFileReference; lastKnownFileType = image.png; path = tb_loc.png; sourceTree = "<group>"; };
		AEF1C36C1E57731100D327CC /* tb_chat@2x.png */ = {isa = PBXFileReference; lastKnownFileType = image.png; path = "tb_chat@2x.png"; sourceTree = "<group>"; };
		AEF1C36D1E57731100D327CC /* tb_chat.png */ = {isa = PBXFileReference; lastKnownFileType = image.png; path = tb_chat.png; sourceTree = "<group>"; };
		AEF1C3701E5773A200D327CC /* tb_chat1.png */ = {isa = PBXFileReference; lastKnownFileType = image.png; path = tb_chat1.png; sourceTree = "<group>"; };
		AEF1C3711E5773A200D327CC /* tb_chat1@2x.png */ = {isa = PBXFileReference; lastKnownFileType = image.png; path = "tb_chat1@2x.png"; sourceTree = "<group>"; };
		AEF1C3761E57754A00D327CC /* top_chartoon.jpg */ = {isa = PBXFileReference; lastKnownFileType = image.jpeg; path = top_chartoon.jpg; sourceTree = "<group>"; };
/* End PBXFileReference section */

/* Begin PBXFrameworksBuildPhase section */
		AED24F261E2FC18500431DA7 /* Frameworks */ = {
			isa = PBXFrameworksBuildPhase;
			buildActionMask = 2147483647;
			files = (
				C0599525E17C28A298D56980 /* Pods_HotApp.framework in Frameworks */,
			);
			runOnlyForDeploymentPostprocessing = 0;
		};
/* End PBXFrameworksBuildPhase section */

/* Begin PBXGroup section */
		282F39DE50BC92BEA976AAC4 /* Frameworks */ = {
			isa = PBXGroup;
			children = (
				8DA3783AE970D563FB4DE32D /* Pods_HotApp.framework */,
			);
			name = Frameworks;
			sourceTree = "<group>";
		};
		AE20B33B1E4A377800DF1080 /* ServerLayer */ = {
			isa = PBXGroup;
			children = (
				AE20B33C1E4A37CB00DF1080 /* LandingService.swift */,
			);
			name = ServerLayer;
			sourceTree = "<group>";
		};
		AE28FD3E1E35DEC50066E004 /* images */ = {
			isa = PBXGroup;
			children = (
				AEF1C3761E57754A00D327CC /* top_chartoon.jpg */,
				AEF1C3701E5773A200D327CC /* tb_chat1.png */,
				AEF1C3711E5773A200D327CC /* tb_chat1@2x.png */,
				AEF1C36C1E57731100D327CC /* tb_chat@2x.png */,
				AEF1C36D1E57731100D327CC /* tb_chat.png */,
				AEF1C3681E57723A00D327CC /* tb_loc@2x.png */,
				AEF1C3691E57723A00D327CC /* tb_loc.png */,
				AEF1C3521E57699000D327CC /* bg.png */,
				AEF1C34E1E57611300D327CC /* gplus.png */,
				AEF1C34F1E57611300D327CC /* fb_logo.png */,
				AEF1C3441E57556900D327CC /* friends.jpg */,
				AEF1C3421E5751A100D327CC /* app_logo.png */,
				AE934F461E54C4BF00639B43 /* search@2x.png */,
				AE934F471E54C4BF00639B43 /* search.png */,
				AE934F3A1E54B9DB00639B43 /* slide.png */,
				AE934F3B1E54B9DB00639B43 /* slide@2x.png */,
				AEA6C9851E53686D00CB6A27 /* location.png */,
				AEA6C9861E53686D00CB6A27 /* location@2x.png */,
				AEA6C9871E53686D00CB6A27 /* location@3x.png */,
				AE8C0D6A1E5225EB00924207 /* post_placeholder.png */,
				AE8C0D6B1E5225EB00924207 /* user_placeholder.png */,
			);
			name = images;
			sourceTree = "<group>";
		};
		AED24F201E2FC18500431DA7 = {
			isa = PBXGroup;
			children = (
				AED24F2B1E2FC18500431DA7 /* HotApp */,
				AED24F2A1E2FC18500431DA7 /* Products */,
				B2DE3DA97B0AF64B39283ABE /* Pods */,
				282F39DE50BC92BEA976AAC4 /* Frameworks */,
			);
			sourceTree = "<group>";
		};
		AED24F2A1E2FC18500431DA7 /* Products */ = {
			isa = PBXGroup;
			children = (
				AED24F291E2FC18500431DA7 /* HotApp.app */,
			);
			name = Products;
			sourceTree = "<group>";
		};
		AED24F2B1E2FC18500431DA7 /* HotApp */ = {
			isa = PBXGroup;
			children = (
				AED24F401E2FC1A800431DA7 /* Constant */,
				AED24F3E1E2FC19300431DA7 /* Utils */,
				AED24F441E2FC1E100431DA7 /* Lib */,
				AED24F451E2FC1F100431DA7 /* AppDelegate */,
				AED24F411E2FC1B100431DA7 /* NetworkLayer */,
				AE20B33B1E4A377800DF1080 /* ServerLayer */,
				AED24F431E2FC1D100431DA7 /* ViewControllers */,
				AED24F421E2FC1BD00431DA7 /* UIView */,
				AED24F3F1E2FC19D00431DA7 /* Models */,
				AED24F501E2FC2C600431DA7 /* Resource */,
			);
			path = HotApp;
			sourceTree = "<group>";
		};
		AED24F3E1E2FC19300431DA7 /* Utils */ = {
			isa = PBXGroup;
			children = (
				AED24F461E2FC22300431DA7 /* Utils.swift */,
				AED24F551E2FD12A00431DA7 /* Validation.swift */,
			);
			name = Utils;
			sourceTree = "<group>";
		};
		AED24F3F1E2FC19D00431DA7 /* Models */ = {
			isa = PBXGroup;
			children = (
				AE20B33E1E4A39EA00DF1080 /* Photo.swift */,
				AE8C0D681E521C3E00924207 /* Post.swift */,
			);
			name = Models;
			sourceTree = "<group>";
		};
		AED24F401E2FC1A800431DA7 /* Constant */ = {
			isa = PBXGroup;
			children = (
				AED24F4A1E2FC25D00431DA7 /* Constant.swift */,
			);
			name = Constant;
			sourceTree = "<group>";
		};
		AED24F411E2FC1B100431DA7 /* NetworkLayer */ = {
			isa = PBXGroup;
			children = (
				AED24F481E2FC24C00431DA7 /* NetworkLayer.swift */,
				AED24F511E2FCE0800431DA7 /* NetworkConfig.swift */,
			);
			name = NetworkLayer;
			sourceTree = "<group>";
		};
		AED24F421E2FC1BD00431DA7 /* UIView */ = {
			isa = PBXGroup;
			children = (
			);
			name = UIView;
			sourceTree = "<group>";
		};
		AED24F431E2FC1D100431DA7 /* ViewControllers */ = {
			isa = PBXGroup;
			children = (
				AED24F4C1E2FC28B00431DA7 /* LoginViewContr.swift */,
				AED24F4E1E2FC2B200431DA7 /* LandingScreenVwContr.swift */,
				AE28FD571E3632480066E004 /* RestraCollectionViewCell.swift */,
				AE48779E1E366DAF002E0447 /* WallFeedCell.swift */,
			);
			name = ViewControllers;
			sourceTree = "<group>";
		};
		AED24F441E2FC1E100431DA7 /* Lib */ = {
			isa = PBXGroup;
			children = (
			);
			name = Lib;
			sourceTree = "<group>";
		};
		AED24F451E2FC1F100431DA7 /* AppDelegate */ = {
			isa = PBXGroup;
			children = (
				AED24F2C1E2FC18500431DA7 /* AppDelegate.swift */,
				AED24F301E2FC18500431DA7 /* Main.storyboard */,
				AED24F351E2FC18500431DA7 /* LaunchScreen.storyboard */,
				AED24F381E2FC18500431DA7 /* Info.plist */,
			);
			name = AppDelegate;
			sourceTree = "<group>";
		};
		AED24F501E2FC2C600431DA7 /* Resource */ = {
			isa = PBXGroup;
			children = (
				AE28FD3E1E35DEC50066E004 /* images */,
				AE76E0411E4CD6310067F6A4 /* feedPost.json */,
				AED24F331E2FC18500431DA7 /* Assets.xcassets */,
			);
			name = Resource;
			sourceTree = "<group>";
		};
		B2DE3DA97B0AF64B39283ABE /* Pods */ = {
			isa = PBXGroup;
			children = (
				0B43BB4D851533E0F4B94B39 /* Pods-HotApp.debug.xcconfig */,
				A315D7050E2E7491045A1C96 /* Pods-HotApp.release.xcconfig */,
			);
			name = Pods;
			sourceTree = "<group>";
		};
/* End PBXGroup section */

/* Begin PBXNativeTarget section */
		AED24F281E2FC18500431DA7 /* HotApp */ = {
			isa = PBXNativeTarget;
			buildConfigurationList = AED24F3B1E2FC18500431DA7 /* Build configuration list for PBXNativeTarget "HotApp" */;
			buildPhases = (
				0F23DFCD24472AA0F88E31D6 /* [CP] Check Pods Manifest.lock */,
				AED24F251E2FC18500431DA7 /* Sources */,
				AED24F261E2FC18500431DA7 /* Frameworks */,
				AED24F271E2FC18500431DA7 /* Resources */,
				7C87E0693554A859E69F3FF1 /* [CP] Embed Pods Frameworks */,
				9108C7F7C922C60F794E52FE /* [CP] Copy Pods Resources */,
			);
			buildRules = (
			);
			dependencies = (
			);
			name = HotApp;
			productName = HotApp;
			productReference = AED24F291E2FC18500431DA7 /* HotApp.app */;
			productType = "com.apple.product-type.application";
		};
/* End PBXNativeTarget section */

/* Begin PBXProject section */
		AED24F211E2FC18500431DA7 /* Project object */ = {
			isa = PBXProject;
			attributes = {
				LastSwiftUpdateCheck = 0810;
				LastUpgradeCheck = 0820;
				ORGANIZATIONNAME = "Aashish Tyagi";
				TargetAttributes = {
					AED24F281E2FC18500431DA7 = {
						CreatedOnToolsVersion = 8.1;
						ProvisioningStyle = Automatic;
					};
				};
			};
			buildConfigurationList = AED24F241E2FC18500431DA7 /* Build configuration list for PBXProject "HotApp" */;
			compatibilityVersion = "Xcode 3.2";
			developmentRegion = English;
			hasScannedForEncodings = 0;
			knownRegions = (
				en,
				Base,
				fr,
			);
			mainGroup = AED24F201E2FC18500431DA7;
			productRefGroup = AED24F2A1E2FC18500431DA7 /* Products */;
			projectDirPath = "";
			projectRoot = "";
			targets = (
				AED24F281E2FC18500431DA7 /* HotApp */,
			);
		};
/* End PBXProject section */

/* Begin PBXResourcesBuildPhase section */
		AED24F271E2FC18500431DA7 /* Resources */ = {
			isa = PBXResourcesBuildPhase;
			buildActionMask = 2147483647;
			files = (
				AE934F481E54C4BF00639B43 /* search@2x.png in Resources */,
				AE934F3D1E54B9DB00639B43 /* slide@2x.png in Resources */,
				AEF1C3531E57699000D327CC /* bg.png in Resources */,
				AEF1C36F1E57731100D327CC /* tb_chat.png in Resources */,
				AE8C0D6C1E5225EB00924207 /* post_placeholder.png in Resources */,
				AED24F371E2FC18500431DA7 /* LaunchScreen.storyboard in Resources */,
				AE8C0D6D1E5225EB00924207 /* user_placeholder.png in Resources */,
				AEF1C36B1E57723A00D327CC /* tb_loc.png in Resources */,
				AEF1C3721E5773A200D327CC /* tb_chat1.png in Resources */,
				AEA6C98A1E53686D00CB6A27 /* location@3x.png in Resources */,
				AEF1C3731E5773A200D327CC /* tb_chat1@2x.png in Resources */,
				AEF1C3431E5751A100D327CC /* app_logo.png in Resources */,
				AEF1C3501E57611300D327CC /* gplus.png in Resources */,
				AEF1C3451E57556900D327CC /* friends.jpg in Resources */,
				AED24F341E2FC18500431DA7 /* Assets.xcassets in Resources */,
				AEA6C9881E53686D00CB6A27 /* location.png in Resources */,
				AE934F491E54C4BF00639B43 /* search.png in Resources */,
				AEA6C9891E53686D00CB6A27 /* location@2x.png in Resources */,
				AE934F3C1E54B9DB00639B43 /* slide.png in Resources */,
				AE76E0421E4CD6310067F6A4 /* feedPost.json in Resources */,
				AEF1C36E1E57731100D327CC /* tb_chat@2x.png in Resources */,
				AEF1C3771E57754A00D327CC /* top_chartoon.jpg in Resources */,
				AEF1C36A1E57723A00D327CC /* tb_loc@2x.png in Resources */,
				AEF1C3511E57611300D327CC /* fb_logo.png in Resources */,
				AED24F321E2FC18500431DA7 /* Main.storyboard in Resources */,
			);
			runOnlyForDeploymentPostprocessing = 0;
		};
/* End PBXResourcesBuildPhase section */

/* Begin PBXShellScriptBuildPhase section */
		0F23DFCD24472AA0F88E31D6 /* [CP] Check Pods Manifest.lock */ = {
			isa = PBXShellScriptBuildPhase;
			buildActionMask = 2147483647;
			files = (
			);
			inputPaths = (
			);
			name = "[CP] Check Pods Manifest.lock";
			outputPaths = (
			);
			runOnlyForDeploymentPostprocessing = 0;
			shellPath = /bin/sh;
			shellScript = "diff \"${PODS_ROOT}/../Podfile.lock\" \"${PODS_ROOT}/Manifest.lock\" > /dev/null\nif [ $? != 0 ] ; then\n    # print error to STDERR\n    echo \"error: The sandbox is not in sync with the Podfile.lock. Run 'pod install' or update your CocoaPods installation.\" >&2\n    exit 1\nfi\n";
			showEnvVarsInLog = 0;
		};
		7C87E0693554A859E69F3FF1 /* [CP] Embed Pods Frameworks */ = {
			isa = PBXShellScriptBuildPhase;
			buildActionMask = 2147483647;
			files = (
			);
			inputPaths = (
			);
			name = "[CP] Embed Pods Frameworks";
			outputPaths = (
			);
			runOnlyForDeploymentPostprocessing = 0;
			shellPath = /bin/sh;
			shellScript = "\"${SRCROOT}/Pods/Target Support Files/Pods-HotApp/Pods-HotApp-frameworks.sh\"\n";
			showEnvVarsInLog = 0;
		};
		9108C7F7C922C60F794E52FE /* [CP] Copy Pods Resources */ = {
			isa = PBXShellScriptBuildPhase;
			buildActionMask = 2147483647;
			files = (
			);
			inputPaths = (
			);
			name = "[CP] Copy Pods Resources";
			outputPaths = (
			);
			runOnlyForDeploymentPostprocessing = 0;
			shellPath = /bin/sh;
			shellScript = "\"${SRCROOT}/Pods/Target Support Files/Pods-HotApp/Pods-HotApp-resources.sh\"\n";
			showEnvVarsInLog = 0;
		};
/* End PBXShellScriptBuildPhase section */

/* Begin PBXSourcesBuildPhase section */
		AED24F251E2FC18500431DA7 /* Sources */ = {
			isa = PBXSourcesBuildPhase;
			buildActionMask = 2147483647;
			files = (
				AE20B33F1E4A39EA00DF1080 /* Photo.swift in Sources */,
				AED24F521E2FCE0800431DA7 /* NetworkConfig.swift in Sources */,
				AED24F2D1E2FC18500431DA7 /* AppDelegate.swift in Sources */,
				AED24F471E2FC22300431DA7 /* Utils.swift in Sources */,
				AE8C0D691E521C3E00924207 /* Post.swift in Sources */,
				AED24F491E2FC24C00431DA7 /* NetworkLayer.swift in Sources */,
				AED24F4F1E2FC2B200431DA7 /* LandingScreenVwContr.swift in Sources */,
				AED24F4D1E2FC28B00431DA7 /* LoginViewContr.swift in Sources */,
				AE20B33D1E4A37CB00DF1080 /* LandingService.swift in Sources */,
				AED24F561E2FD12A00431DA7 /* Validation.swift in Sources */,
				AE28FD581E3632480066E004 /* RestraCollectionViewCell.swift in Sources */,
				AED24F4B1E2FC25D00431DA7 /* Constant.swift in Sources */,
				AE48779F1E366DAF002E0447 /* WallFeedCell.swift in Sources */,
			);
			runOnlyForDeploymentPostprocessing = 0;
		};
/* End PBXSourcesBuildPhase section */

/* Begin PBXVariantGroup section */
		AED24F301E2FC18500431DA7 /* Main.storyboard */ = {
			isa = PBXVariantGroup;
			children = (
				AED24F311E2FC18500431DA7 /* Base */,
				AEBDDBAC1E3138EC0034E53D /* fr */,
			);
			name = Main.storyboard;
			sourceTree = "<group>";
		};
		AED24F351E2FC18500431DA7 /* LaunchScreen.storyboard */ = {
			isa = PBXVariantGroup;
			children = (
				AED24F361E2FC18500431DA7 /* Base */,
				AEBDDBAD1E3138EC0034E53D /* fr */,
			);
			name = LaunchScreen.storyboard;
			sourceTree = "<group>";
		};
/* End PBXVariantGroup section */

/* Begin XCBuildConfiguration section */
		AED24F391E2FC18500431DA7 /* Debug */ = {
			isa = XCBuildConfiguration;
			buildSettings = {
				ALWAYS_SEARCH_USER_PATHS = NO;
				CLANG_ANALYZER_LOCALIZABILITY_NONLOCALIZED = YES;
				CLANG_ANALYZER_NONNULL = YES;
				CLANG_CXX_LANGUAGE_STANDARD = "gnu++0x";
				CLANG_CXX_LIBRARY = "libc++";
				CLANG_ENABLE_MODULES = YES;
				CLANG_ENABLE_OBJC_ARC = YES;
				CLANG_WARN_BOOL_CONVERSION = YES;
				CLANG_WARN_CONSTANT_CONVERSION = YES;
				CLANG_WARN_DIRECT_OBJC_ISA_USAGE = YES_ERROR;
				CLANG_WARN_DOCUMENTATION_COMMENTS = YES;
				CLANG_WARN_EMPTY_BODY = YES;
				CLANG_WARN_ENUM_CONVERSION = YES;
				CLANG_WARN_INFINITE_RECURSION = YES;
				CLANG_WARN_INT_CONVERSION = YES;
				CLANG_WARN_OBJC_ROOT_CLASS = YES_ERROR;
				CLANG_WARN_SUSPICIOUS_MOVE = YES;
				CLANG_WARN_SUSPICIOUS_MOVES = YES;
				CLANG_WARN_UNREACHABLE_CODE = YES;
				CLANG_WARN__DUPLICATE_METHOD_MATCH = YES;
				"CODE_SIGN_IDENTITY[sdk=iphoneos*]" = "iPhone Developer";
				COPY_PHASE_STRIP = NO;
				DEBUG_INFORMATION_FORMAT = dwarf;
				ENABLE_STRICT_OBJC_MSGSEND = YES;
				ENABLE_TESTABILITY = YES;
				GCC_C_LANGUAGE_STANDARD = gnu99;
				GCC_DYNAMIC_NO_PIC = NO;
				GCC_NO_COMMON_BLOCKS = YES;
				GCC_OPTIMIZATION_LEVEL = 0;
				GCC_PREPROCESSOR_DEFINITIONS = (
					"DEBUG=1",
					"$(inherited)",
				);
				GCC_WARN_64_TO_32_BIT_CONVERSION = YES;
				GCC_WARN_ABOUT_RETURN_TYPE = YES_ERROR;
				GCC_WARN_UNDECLARED_SELECTOR = YES;
				GCC_WARN_UNINITIALIZED_AUTOS = YES_AGGRESSIVE;
				GCC_WARN_UNUSED_FUNCTION = YES;
				GCC_WARN_UNUSED_VARIABLE = YES;
				IPHONEOS_DEPLOYMENT_TARGET = 9.0;
				MTL_ENABLE_DEBUG_INFO = YES;
				ONLY_ACTIVE_ARCH = YES;
				SDKROOT = iphoneos;
				SWIFT_ACTIVE_COMPILATION_CONDITIONS = DEBUG;
				SWIFT_OPTIMIZATION_LEVEL = "-Onone";
				TARGETED_DEVICE_FAMILY = "1,2";
			};
			name = Debug;
		};
		AED24F3A1E2FC18500431DA7 /* Release */ = {
			isa = XCBuildConfiguration;
			buildSettings = {
				ALWAYS_SEARCH_USER_PATHS = NO;
				CLANG_ANALYZER_LOCALIZABILITY_NONLOCALIZED = YES;
				CLANG_ANALYZER_NONNULL = YES;
				CLANG_CXX_LANGUAGE_STANDARD = "gnu++0x";
				CLANG_CXX_LIBRARY = "libc++";
				CLANG_ENABLE_MODULES = YES;
				CLANG_ENABLE_OBJC_ARC = YES;
				CLANG_WARN_BOOL_CONVERSION = YES;
				CLANG_WARN_CONSTANT_CONVERSION = YES;
				CLANG_WARN_DIRECT_OBJC_ISA_USAGE = YES_ERROR;
				CLANG_WARN_DOCUMENTATION_COMMENTS = YES;
				CLANG_WARN_EMPTY_BODY = YES;
				CLANG_WARN_ENUM_CONVERSION = YES;
				CLANG_WARN_INFINITE_RECURSION = YES;
				CLANG_WARN_INT_CONVERSION = YES;
				CLANG_WARN_OBJC_ROOT_CLASS = YES_ERROR;
				CLANG_WARN_SUSPICIOUS_MOVE = YES;
				CLANG_WARN_SUSPICIOUS_MOVES = YES;
				CLANG_WARN_UNREACHABLE_CODE = YES;
				CLANG_WARN__DUPLICATE_METHOD_MATCH = YES;
				"CODE_SIGN_IDENTITY[sdk=iphoneos*]" = "iPhone Developer";
				COPY_PHASE_STRIP = NO;
				DEBUG_INFORMATION_FORMAT = "dwarf-with-dsym";
				ENABLE_NS_ASSERTIONS = NO;
				ENABLE_STRICT_OBJC_MSGSEND = YES;
				GCC_C_LANGUAGE_STANDARD = gnu99;
				GCC_NO_COMMON_BLOCKS = YES;
				GCC_WARN_64_TO_32_BIT_CONVERSION = YES;
				GCC_WARN_ABOUT_RETURN_TYPE = YES_ERROR;
				GCC_WARN_UNDECLARED_SELECTOR = YES;
				GCC_WARN_UNINITIALIZED_AUTOS = YES_AGGRESSIVE;
				GCC_WARN_UNUSED_FUNCTION = YES;
				GCC_WARN_UNUSED_VARIABLE = YES;
				IPHONEOS_DEPLOYMENT_TARGET = 9.0;
				MTL_ENABLE_DEBUG_INFO = NO;
				SDKROOT = iphoneos;
				SWIFT_OPTIMIZATION_LEVEL = "-Owholemodule";
				TARGETED_DEVICE_FAMILY = "1,2";
				VALIDATE_PRODUCT = YES;
			};
			name = Release;
		};
		AED24F3C1E2FC18500431DA7 /* Debug */ = {
			isa = XCBuildConfiguration;
			baseConfigurationReference = 0B43BB4D851533E0F4B94B39 /* Pods-HotApp.debug.xcconfig */;
			buildSettings = {
				ASSETCATALOG_COMPILER_APPICON_NAME = AppIcon;
				ASSETCATALOG_COMPILER_LAUNCHIMAGE_NAME = LaunchImage;
				INFOPLIST_FILE = HotApp/Info.plist;
				LD_RUNPATH_SEARCH_PATHS = "$(inherited) @executable_path/Frameworks";
				PRODUCT_BUNDLE_IDENTIFIER = com.tyagi.HotApp;
				PRODUCT_NAME = "$(TARGET_NAME)";
				SWIFT_VERSION = 3.0;
			};
			name = Debug;
		};
		AED24F3D1E2FC18500431DA7 /* Release */ = {
			isa = XCBuildConfiguration;
			baseConfigurationReference = A315D7050E2E7491045A1C96 /* Pods-HotApp.release.xcconfig */;
			buildSettings = {
				ASSETCATALOG_COMPILER_APPICON_NAME = AppIcon;
				ASSETCATALOG_COMPILER_LAUNCHIMAGE_NAME = LaunchImage;
				INFOPLIST_FILE = HotApp/Info.plist;
				LD_RUNPATH_SEARCH_PATHS = "$(inherited) @executable_path/Frameworks";
				PRODUCT_BUNDLE_IDENTIFIER = com.tyagi.HotApp;
				PRODUCT_NAME = "$(TARGET_NAME)";
				SWIFT_VERSION = 3.0;
			};
			name = Release;
		};
/* End XCBuildConfiguration section */

/* Begin XCConfigurationList section */
		AED24F241E2FC18500431DA7 /* Build configuration list for PBXProject "HotApp" */ = {
			isa = XCConfigurationList;
			buildConfigurations = (
				AED24F391E2FC18500431DA7 /* Debug */,
				AED24F3A1E2FC18500431DA7 /* Release */,
			);
			defaultConfigurationIsVisible = 0;
			defaultConfigurationName = Release;
		};
		AED24F3B1E2FC18500431DA7 /* Build configuration list for PBXNativeTarget "HotApp" */ = {
			isa = XCConfigurationList;
			buildConfigurations = (
				AED24F3C1E2FC18500431DA7 /* Debug */,
				AED24F3D1E2FC18500431DA7 /* Release */,
			);
			defaultConfigurationIsVisible = 0;
			defaultConfigurationName = Release;
		};
/* End XCConfigurationList section */
	};
	rootObject = AED24F211E2FC18500431DA7 /* Project object */;
}
